
Microsoft Visual Studio Solution File, Format Version 12.00
# Visual Studio Version 17
VisualStudioVersion = 17.2.32616.157
MinimumVisualStudioVersion = 10.0.40219.1
Project("{9A19103F-16F7-4668-BE54-9A1E7A4F7556}") = "PhotoRenamer", "PhotoRenamer.csproj", "{4E384662-BB0D-45DD-92AC-424E58E5DD83}"
EndProject
Global
	GlobalSection(SolutionConfigurationPlatforms) = preSolution
		Debug|Any CPU = Debug|Any CPU
		Release|Any CPU = Release|Any CPU
	EndGlobalSection
	GlobalSection(ProjectConfigurationPlatforms) = postSolution
		{4E384662-BB0D-45DD-92AC-424E58E5DD83}.Debug|Any CPU.ActiveCfg = Debug|Any CPU
		{4E384662-BB0D-45DD-92AC-424E58E5DD83}.Debug|Any CPU.Build.0 = Debug|Any CPU
		{4E384662-BB0D-45DD-92AC-424E58E5DD83}.Release|Any CPU.ActiveCfg = Release|Any CPU
		{4E384662-BB0D-45DD-92AC-424E58E5DD83}.Release|Any CPU.Build.0 = Release|Any CPU
	EndGlobalSection
	GlobalSection(SolutionProperties) = preSolution
		HideSolutionNode = FALSE
	EndGlobalSection
	GlobalSection(ExtensibilityGlobals) = postSolution
		SolutionGuid = {80DEB358-F3A8-4275-8FD2-AA6463ACA4A1}
	EndGlobalSection
EndGlobal
